
Microsoft Visual Studio Solution File, Format Version 12.00
# Visual Studio 15
VisualStudioVersion = 15.0.27019.1
MinimumVisualStudioVersion = 10.0.40219.1
Project("{FAE04EC0-301F-11D3-BF4B-00C04F79EFBC}") = "OpenShiftForVisualStudio.Vsix", "OpenShiftForVisualStudio.Vsix\OpenShiftForVisualStudio.Vsix.csproj", "{F86B362E-D2CF-439F-8E28-C6BDF5F3AAC0}"
EndProject
Global
	GlobalSection(SolutionConfigurationPlatforms) = preSolution
		Debug|Any CPU = Debug|Any CPU
		Release|Any CPU = Release|Any CPU
	EndGlobalSection
	GlobalSection(ProjectConfigurationPlatforms) = postSolution
		{F86B362E-D2CF-439F-8E28-C6BDF5F3AAC0}.Debug|Any CPU.ActiveCfg = Debug|Any CPU
		{F86B362E-D2CF-439F-8E28-C6BDF5F3AAC0}.Debug|Any CPU.Build.0 = Debug|Any CPU
		{F86B362E-D2CF-439F-8E28-C6BDF5F3AAC0}.Release|Any CPU.ActiveCfg = Release|Any CPU
		{F86B362E-D2CF-439F-8E28-C6BDF5F3AAC0}.Release|Any CPU.Build.0 = Release|Any CPU
	EndGlobalSection
	GlobalSection(SolutionProperties) = preSolution
		HideSolutionNode = FALSE
	EndGlobalSection
	GlobalSection(ExtensibilityGlobals) = postSolution
		SolutionGuid = {A79493CF-E8AA-4D95-B9C8-6109249E843A}
	EndGlobalSection
EndGlobal
